
Microsoft Visual Studio Solution File, Format Version 12.00
# Visual Studio Version 17
VisualStudioVersion = 17.5.33516.290
MinimumVisualStudioVersion = 10.0.40219.1
Project("{9A19103F-16F7-4668-BE54-9A1E7A4F7556}") = "Veterinaria_Proyecto", "Veterinaria_Proyecto\Veterinaria_Proyecto.csproj", "{A7A6D2B4-FC4A-4A3E-86B6-9A4FF3F205B2}"
EndProject
Global
	GlobalSection(SolutionConfigurationPlatforms) = preSolution
		Debug|Any CPU = Debug|Any CPU
		Release|Any CPU = Release|Any CPU
	EndGlobalSection
	GlobalSection(ProjectConfigurationPlatforms) = postSolution
		{A7A6D2B4-FC4A-4A3E-86B6-9A4FF3F205B2}.Debug|Any CPU.ActiveCfg = Debug|Any CPU
		{A7A6D2B4-FC4A-4A3E-86B6-9A4FF3F205B2}.Debug|Any CPU.Build.0 = Debug|Any CPU
		{A7A6D2B4-FC4A-4A3E-86B6-9A4FF3F205B2}.Release|Any CPU.ActiveCfg = Release|Any CPU
		{A7A6D2B4-FC4A-4A3E-86B6-9A4FF3F205B2}.Release|Any CPU.Build.0 = Release|Any CPU
	EndGlobalSection
	GlobalSection(SolutionProperties) = preSolution
		HideSolutionNode = FALSE
	EndGlobalSection
	GlobalSection(ExtensibilityGlobals) = postSolution
		SolutionGuid = {D921E3FC-52ED-490C-9912-BFB25EC578D5}
	EndGlobalSection
EndGlobal
